// !$*UTF8*$!
{
	archiveVersion = 1;
	classes = {
	};
	objectVersion = 50;
	objects = {

/* Begin PBXBuildFile section */
		EB336FA524DB901000521E4E /* AppDelegate.swift in Sources */ = {isa = PBXBuildFile; fileRef = EB336FA424DB901000521E4E /* AppDelegate.swift */; };
		EB336FA724DB901000521E4E /* SceneDelegate.swift in Sources */ = {isa = PBXBuildFile; fileRef = EB336FA624DB901000521E4E /* SceneDelegate.swift */; };
		EB336FA924DB901000521E4E /* ViewController.swift in Sources */ = {isa = PBXBuildFile; fileRef = EB336FA824DB901000521E4E /* ViewController.swift */; };
		EB336FAC24DB901000521E4E /* Main.storyboard in Resources */ = {isa = PBXBuildFile; fileRef = EB336FAA24DB901000521E4E /* Main.storyboard */; };
		EB336FAE24DB901100521E4E /* Assets.xcassets in Resources */ = {isa = PBXBuildFile; fileRef = EB336FAD24DB901100521E4E /* Assets.xcassets */; };
		EB336FB124DB901100521E4E /* LaunchScreen.storyboard in Resources */ = {isa = PBXBuildFile; fileRef = EB336FAF24DB901100521E4E /* LaunchScreen.storyboard */; };
		EB336FBC24DB901100521E4E /* tipCalculatorTests.swift in Sources */ = {isa = PBXBuildFile; fileRef = EB336FBB24DB901100521E4E /* tipCalculatorTests.swift */; };
		EB336FC724DB901100521E4E /* tipCalculatorUITests.swift in Sources */ = {isa = PBXBuildFile; fileRef = EB336FC624DB901100521E4E /* tipCalculatorUITests.swift */; };
/* End PBXBuildFile section */

/* Begin PBXContainerItemProxy section */
		EB336FB824DB901100521E4E /* PBXContainerItemProxy */ = {
			isa = PBXContainerItemProxy;
			containerPortal = EB336F9924DB900F00521E4E /* Project object */;
			proxyType = 1;
			remoteGlobalIDString = EB336FA024DB901000521E4E;
			remoteInfo = tipCalculator;
		};
		EB336FC324DB901100521E4E /* PBXContainerItemProxy */ = {
			isa = PBXContainerItemProxy;
			containerPortal = EB336F9924DB900F00521E4E /* Project object */;
			proxyType = 1;
			remoteGlobalIDString = EB336FA024DB901000521E4E;
			remoteInfo = tipCalculator;
		};
/* End PBXContainerItemProxy section */

/* Begin PBXFileReference section */
		EB336FA124DB901000521E4E /* tipCalculator.app */ = {isa = PBXFileReference; explicitFileType = wrapper.application; includeInIndex = 0; path = tipCalculator.app; sourceTree = BUILT_PRODUCTS_DIR; };
		EB336FA424DB901000521E4E /* AppDelegate.swift */ = {isa = PBXFileReference; lastKnownFileType = sourcecode.swift; path = AppDelegate.swift; sourceTree = "<group>"; };
		EB336FA624DB901000521E4E /* SceneDelegate.swift */ = {isa = PBXFileReference; lastKnownFileType = sourcecode.swift; path = SceneDelegate.swift; sourceTree = "<group>"; };
		EB336FA824DB901000521E4E /* ViewController.swift */ = {isa = PBXFileReference; lastKnownFileType = sourcecode.swift; path = ViewController.swift; sourceTree = "<group>"; };
		EB336FAB24DB901000521E4E /* Base */ = {isa = PBXFileReference; lastKnownFileType = file.storyboard; name = Base; path = Base.lproj/Main.storyboard; sourceTree = "<group>"; };
		EB336FAD24DB901100521E4E /* Assets.xcassets */ = {isa = PBXFileReference; lastKnownFileType = folder.assetcatalog; path = Assets.xcassets; sourceTree = "<group>"; };
		EB336FB024DB901100521E4E /* Base */ = {isa = PBXFileReference; lastKnownFileType = file.storyboard; name = Base; path = Base.lproj/LaunchScreen.storyboard; sourceTree = "<group>"; };
		EB336FB224DB901100521E4E /* Info.plist */ = {isa = PBXFileReference; lastKnownFileType = text.plist.xml; path = Info.plist; sourceTree = "<group>"; };
		EB336FB724DB901100521E4E /* tipCalculatorTests.xctest */ = {isa = PBXFileReference; explicitFileType = wrapper.cfbundle; includeInIndex = 0; path = tipCalculatorTests.xctest; sourceTree = BUILT_PRODUCTS_DIR; };
		EB336FBB24DB901100521E4E /* tipCalculatorTests.swift */ = {isa = PBXFileReference; lastKnownFileType = sourcecode.swift; path = tipCalculatorTests.swift; sourceTree = "<group>"; };
		EB336FBD24DB901100521E4E /* Info.plist */ = {isa = PBXFileReference; lastKnownFileType = text.plist.xml; path = Info.plist; sourceTree = "<group>"; };
		EB336FC224DB901100521E4E /* tipCalculatorUITests.xctest */ = {isa = PBXFileReference; explicitFileType = wrapper.cfbundle; includeInIndex = 0; path = tipCalculatorUITests.xctest; sourceTree = BUILT_PRODUCTS_DIR; };
		EB336FC624DB901100521E4E /* tipCalculatorUITests.swift */ = {isa = PBXFileReference; lastKnownFileType = sourcecode.swift; path = tipCalculatorUITests.swift; sourceTree = "<group>"; };
		EB336FC824DB901100521E4E /* Info.plist */ = {isa = PBXFileReference; lastKnownFileType = text.plist.xml; path = Info.plist; sourceTree = "<group>"; };
/* End PBXFileReference section */

/* Begin PBXFrameworksBuildPhase section */
		EB336F9E24DB901000521E4E /* Frameworks */ = {
			isa = PBXFrameworksBuildPhase;
			buildActionMask = 2147483647;
			files = (
			);
			runOnlyForDeploymentPostprocessing = 0;
		};
		EB336FB424DB901100521E4E /* Frameworks */ = {
			isa = PBXFrameworksBuildPhase;
			buildActionMask = 2147483647;
			files = (
			);
			runOnlyForDeploymentPostprocessing = 0;
		};
		EB336FBF24DB901100521E4E /* Frameworks */ = {
			isa = PBXFrameworksBuildPhase;
			buildActionMask = 2147483647;
			files = (
			);
			runOnlyForDeploymentPostprocessing = 0;
		};
/* End PBXFrameworksBuildPhase section */

/* Begin PBXGroup section */
		EB336F9824DB900F00521E4E = {
			isa = PBXGroup;
			children = (
				EB336FA324DB901000521E4E /* tipCalculator */,
				EB336FBA24DB901100521E4E /* tipCalculatorTests */,
				EB336FC524DB901100521E4E /* tipCalculatorUITests */,
				EB336FA224DB901000521E4E /* Products */,
			);
			sourceTree = "<group>";
		};
		EB336FA224DB901000521E4E /* Products */ = {
			isa = PBXGroup;
			children = (
				EB336FA124DB901000521E4E /* tipCalculator.app */,
				EB336FB724DB901100521E4E /* tipCalculatorTests.xctest */,
				EB336FC224DB901100521E4E /* tipCalculatorUITests.xctest */,
			);
			name = Products;
			sourceTree = "<group>";
		};
		EB336FA324DB901000521E4E /* tipCalculator */ = {
			isa = PBXGroup;
			children = (
				EB336FA424DB901000521E4E /* AppDelegate.swift */,
				EB336FA624DB901000521E4E /* SceneDelegate.swift */,
				EB336FA824DB901000521E4E /* ViewController.swift */,
				EB336FAA24DB901000521E4E /* Main.storyboard */,
				EB336FAD24DB901100521E4E /* Assets.xcassets */,
				EB336FAF24DB901100521E4E /* LaunchScreen.storyboard */,
				EB336FB224DB901100521E4E /* Info.plist */,
			);
			path = tipCalculator;
			sourceTree = "<group>";
		};
		EB336FBA24DB901100521E4E /* tipCalculatorTests */ = {
			isa = PBXGroup;
			children = (
				EB336FBB24DB901100521E4E /* tipCalculatorTests.swift */,
				EB336FBD24DB901100521E4E /* Info.plist */,
			);
			path = tipCalculatorTests;
			sourceTree = "<group>";
		};
		EB336FC524DB901100521E4E /* tipCalculatorUITests */ = {
			isa = PBXGroup;
			children = (
				EB336FC624DB901100521E4E /* tipCalculatorUITests.swift */,
				EB336FC824DB901100521E4E /* Info.plist */,
			);
			path = tipCalculatorUITests;
			sourceTree = "<group>";
		};
/* End PBXGroup section */

/* Begin PBXNativeTarget section */
		EB336FA024DB901000521E4E /* tipCalculator */ = {
			isa = PBXNativeTarget;
			buildConfigurationList = EB336FCB24DB901100521E4E /* Build configuration list for PBXNativeTarget "tipCalculator" */;
			buildPhases = (
				EB336F9D24DB901000521E4E /* Sources */,
				EB336F9E24DB901000521E4E /* Frameworks */,
				EB336F9F24DB901000521E4E /* Resources */,
			);
			buildRules = (
			);
			dependencies = (
			);
			name = tipCalculator;
			productName = tipCalculator;
			productReference = EB336FA124DB901000521E4E /* tipCalculator.app */;
			productType = "com.apple.product-type.application";
		};
		EB336FB624DB901100521E4E /* tipCalculatorTests */ = {
			isa = PBXNativeTarget;
			buildConfigurationList = EB336FCE24DB901100521E4E /* Build configuration list for PBXNativeTarget "tipCalculatorTests" */;
			buildPhases = (
				EB336FB324DB901100521E4E /* Sources */,
				EB336FB424DB901100521E4E /* Frameworks */,
				EB336FB524DB901100521E4E /* Resources */,
			);
			buildRules = (
			);
			dependencies = (
				EB336FB924DB901100521E4E /* PBXTargetDependency */,
			);
			name = tipCalculatorTests;
			productName = tipCalculatorTests;
			productReference = EB336FB724DB901100521E4E /* tipCalculatorTests.xctest */;
			productType = "com.apple.product-type.bundle.unit-test";
		};
		EB336FC124DB901100521E4E /* tipCalculatorUITests */ = {
			isa = PBXNativeTarget;
			buildConfigurationList = EB336FD124DB901100521E4E /* Build configuration list for PBXNativeTarget "tipCalculatorUITests" */;
			buildPhases = (
				EB336FBE24DB901100521E4E /* Sources */,
				EB336FBF24DB901100521E4E /* Frameworks */,
				EB336FC024DB901100521E4E /* Resources */,
			);
			buildRules = (
			);
			dependencies = (
				EB336FC424DB901100521E4E /* PBXTargetDependency */,
			);
			name = tipCalculatorUITests;
			productName = tipCalculatorUITests;
			productReference = EB336FC224DB901100521E4E /* tipCalculatorUITests.xctest */;
			productType = "com.apple.product-type.bundle.ui-testing";
		};
/* End PBXNativeTarget section */

/* Begin PBXProject section */
		EB336F9924DB900F00521E4E /* Project object */ = {
			isa = PBXProject;
			attributes = {
				LastSwiftUpdateCheck = 1160;
				LastUpgradeCheck = 1160;
				ORGANIZATIONNAME = "MD Tanvir Alam";
				TargetAttributes = {
					EB336FA024DB901000521E4E = {
						CreatedOnToolsVersion = 11.6;
					};
					EB336FB624DB901100521E4E = {
						CreatedOnToolsVersion = 11.6;
						TestTargetID = EB336FA024DB901000521E4E;
					};
					EB336FC124DB901100521E4E = {
						CreatedOnToolsVersion = 11.6;
						TestTargetID = EB336FA024DB901000521E4E;
					};
				};
			};
			buildConfigurationList = EB336F9C24DB900F00521E4E /* Build configuration list for PBXProject "tipCalculator" */;
			compatibilityVersion = "Xcode 9.3";
			developmentRegion = en;
			hasScannedForEncodings = 0;
			knownRegions = (
				en,
				Base,
			);
			mainGroup = EB336F9824DB900F00521E4E;
			productRefGroup = EB336FA224DB901000521E4E /* Products */;
			projectDirPath = "";
			projectRoot = "";
			targets = (
				EB336FA024DB901000521E4E /* tipCalculator */,
				EB336FB624DB901100521E4E /* tipCalculatorTests */,
				EB336FC124DB901100521E4E /* tipCalculatorUITests */,
			);
		};
/* End PBXProject section */

/* Begin PBXResourcesBuildPhase section */
		EB336F9F24DB901000521E4E /* Resources */ = {
			isa = PBXResourcesBuildPhase;
			buildActionMask = 2147483647;
			files = (
				EB336FB124DB901100521E4E /* LaunchScreen.storyboard in Resources */,
				EB336FAE24DB901100521E4E /* Assets.xcassets in Resources */,
				EB336FAC24DB901000521E4E /* Main.storyboard in Resources */,
			);
			runOnlyForDeploymentPostprocessing = 0;
		};
		EB336FB524DB901100521E4E /* Resources */ = {
			isa = PBXResourcesBuildPhase;
			buildActionMask = 2147483647;
			files = (
			);
			runOnlyForDeploymentPostprocessing = 0;
		};
		EB336FC024DB901100521E4E /* Resources */ = {
			isa = PBXResourcesBuildPhase;
			buildActionMask = 2147483647;
			files = (
			);
			runOnlyForDeploymentPostprocessing = 0;
		};
/* End PBXResourcesBuildPhase section */

/* Begin PBXSourcesBuildPhase section */
		EB336F9D24DB901000521E4E /* Sources */ = {
			isa = PBXSourcesBuildPhase;
			buildActionMask = 2147483647;
			files = (
				EB336FA924DB901000521E4E /* ViewController.swift in Sources */,
				EB336FA524DB901000521E4E /* AppDelegate.swift in Sources */,
				EB336FA724DB901000521E4E /* SceneDelegate.swift in Sources */,
			);
			runOnlyForDeploymentPostprocessing = 0;
		};
		EB336FB324DB901100521E4E /* Sources */ = {
			isa = PBXSourcesBuildPhase;
			buildActionMask = 2147483647;
			files = (
				EB336FBC24DB901100521E4E /* tipCalculatorTests.swift in Sources */,
			);
			runOnlyForDeploymentPostprocessing = 0;
		};
		EB336FBE24DB901100521E4E /* Sources */ = {
			isa = PBXSourcesBuildPhase;
			buildActionMask = 2147483647;
			files = (
				EB336FC724DB901100521E4E /* tipCalculatorUITests.swift in Sources */,
			);
			runOnlyForDeploymentPostprocessing = 0;
		};
/* End PBXSourcesBuildPhase section */

/* Begin PBXTargetDependency section */
		EB336FB924DB901100521E4E /* PBXTargetDependency */ = {
			isa = PBXTargetDependency;
			target = EB336FA024DB901000521E4E /* tipCalculator */;
			targetProxy = EB336FB824DB901100521E4E /* PBXContainerItemProxy */;
		};
		EB336FC424DB901100521E4E /* PBXTargetDependency */ = {
			isa = PBXTargetDependency;
			target = EB336FA024DB901000521E4E /* tipCalculator */;
			targetProxy = EB336FC324DB901100521E4E /* PBXContainerItemProxy */;
		};
/* End PBXTargetDependency section */

/* Begin PBXVariantGroup section */
		EB336FAA24DB901000521E4E /* Main.storyboard */ = {
			isa = PBXVariantGroup;
			children = (
				EB336FAB24DB901000521E4E /* Base */,
			);
			name = Main.storyboard;
			sourceTree = "<group>";
		};
		EB336FAF24DB901100521E4E /* LaunchScreen.storyboard */ = {
			isa = PBXVariantGroup;
			children = (
				EB336FB024DB901100521E4E /* Base */,
			);
			name = LaunchScreen.storyboard;
			sourceTree = "<group>";
		};
/* End PBXVariantGroup section */

/* Begin XCBuildConfiguration section */
		EB336FC924DB901100521E4E /* Debug */ = {
			isa = XCBuildConfiguration;
			buildSettings = {
				ALWAYS_SEARCH_USER_PATHS = NO;
				CLANG_ANALYZER_NONNULL = YES;
				CLANG_ANALYZER_NUMBER_OBJECT_CONVERSION = YES_AGGRESSIVE;
				CLANG_CXX_LANGUAGE_STANDARD = "gnu++14";
				CLANG_CXX_LIBRARY = "libc++";
				CLANG_ENABLE_MODULES = YES;
				CLANG_ENABLE_OBJC_ARC = YES;
				CLANG_ENABLE_OBJC_WEAK = YES;
				CLANG_WARN_BLOCK_CAPTURE_AUTORELEASING = YES;
				CLANG_WARN_BOOL_CONVERSION = YES;
				CLANG_WARN_COMMA = YES;
				CLANG_WARN_CONSTANT_CONVERSION = YES;
				CLANG_WARN_DEPRECATED_OBJC_IMPLEMENTATIONS = YES;
				CLANG_WARN_DIRECT_OBJC_ISA_USAGE = YES_ERROR;
				CLANG_WARN_DOCUMENTATION_COMMENTS = YES;
				CLANG_WARN_EMPTY_BODY = YES;
				CLANG_WARN_ENUM_CONVERSION = YES;
				CLANG_WARN_INFINITE_RECURSION = YES;
				CLANG_WARN_INT_CONVERSION = YES;
				CLANG_WARN_NON_LITERAL_NULL_CONVERSION = YES;
				CLANG_WARN_OBJC_IMPLICIT_RETAIN_SELF = YES;
				CLANG_WARN_OBJC_LITERAL_CONVERSION = YES;
				CLANG_WARN_OBJC_ROOT_CLASS = YES_ERROR;
				CLANG_WARN_RANGE_LOOP_ANALYSIS = YES;
				CLANG_WARN_STRICT_PROTOTYPES = YES;
				CLANG_WARN_SUSPICIOUS_MOVE = YES;
				CLANG_WARN_UNGUARDED_AVAILABILITY = YES_AGGRESSIVE;
				CLANG_WARN_UNREACHABLE_CODE = YES;
				CLANG_WARN__DUPLICATE_METHOD_MATCH = YES;
				COPY_PHASE_STRIP = NO;
				DEBUG_INFORMATION_FORMAT = dwarf;
				ENABLE_STRICT_OBJC_MSGSEND = YES;
				ENABLE_TESTABILITY = YES;
				GCC_C_LANGUAGE_STANDARD = gnu11;
				GCC_DYNAMIC_NO_PIC = NO;
				GCC_NO_COMMON_BLOCKS = YES;
				GCC_OPTIMIZATION_LEVEL = 0;
				GCC_PREPROCESSOR_DEFINITIONS = (
					"DEBUG=1",
					"$(inherited)",
				);
				GCC_WARN_64_TO_32_BIT_CONVERSION = YES;
				GCC_WARN_ABOUT_RETURN_TYPE = YES_ERROR;
				GCC_WARN_UNDECLARED_SELECTOR = YES;
				GCC_WARN_UNINITIALIZED_AUTOS = YES_AGGRESSIVE;
				GCC_WARN_UNUSED_FUNCTION = YES;
				GCC_WARN_UNUSED_VARIABLE = YES;
				IPHONEOS_DEPLOYMENT_TARGET = 13.6;
				MTL_ENABLE_DEBUG_INFO = INCLUDE_SOURCE;
				MTL_FAST_MATH = YES;
				ONLY_ACTIVE_ARCH = YES;
				SDKROOT = iphoneos;
				SWIFT_ACTIVE_COMPILATION_CONDITIONS = DEBUG;
				SWIFT_OPTIMIZATION_LEVEL = "-Onone";
			};
			name = Debug;
		};
		EB336FCA24DB901100521E4E /* Release */ = {
			isa = XCBuildConfiguration;
			buildSettings = {
				ALWAYS_SEARCH_USER_PATHS = NO;
				CLANG_ANALYZER_NONNULL = YES;
				CLANG_ANALYZER_NUMBER_OBJECT_CONVERSION = YES_AGGRESSIVE;
				CLANG_CXX_LANGUAGE_STANDARD = "gnu++14";
				CLANG_CXX_LIBRARY = "libc++";
				CLANG_ENABLE_MODULES = YES;
				CLANG_ENABLE_OBJC_ARC = YES;
				CLANG_ENABLE_OBJC_WEAK = YES;
				CLANG_WARN_BLOCK_CAPTURE_AUTORELEASING = YES;
				CLANG_WARN_BOOL_CONVERSION = YES;
				CLANG_WARN_COMMA = YES;
				CLANG_WARN_CONSTANT_CONVERSION = YES;
				CLANG_WARN_DEPRECATED_OBJC_IMPLEMENTATIONS = YES;
				CLANG_WARN_DIRECT_OBJC_ISA_USAGE = YES_ERROR;
				CLANG_WARN_DOCUMENTATION_COMMENTS = YES;
				CLANG_WARN_EMPTY_BODY = YES;
				CLANG_WARN_ENUM_CONVERSION = YES;
				CLANG_WARN_INFINITE_RECURSION = YES;
				CLANG_WARN_INT_CONVERSION = YES;
				CLANG_WARN_NON_LITERAL_NULL_CONVERSION = YES;
				CLANG_WARN_OBJC_IMPLICIT_RETAIN_SELF = YES;
				CLANG_WARN_OBJC_LITERAL_CONVERSION = YES;
				CLANG_WARN_OBJC_ROOT_CLASS = YES_ERROR;
				CLANG_WARN_RANGE_LOOP_ANALYSIS = YES;
				CLANG_WARN_STRICT_PROTOTYPES = YES;
				CLANG_WARN_SUSPICIOUS_MOVE = YES;
				CLANG_WARN_UNGUARDED_AVAILABILITY = YES_AGGRESSIVE;
				CLANG_WARN_UNREACHABLE_CODE = YES;
				CLANG_WARN__DUPLICATE_METHOD_MATCH = YES;
				COPY_PHASE_STRIP = NO;
				DEBUG_INFORMATION_FORMAT = "dwarf-with-dsym";
				ENABLE_NS_ASSERTIONS = NO;
				ENABLE_STRICT_OBJC_MSGSEND = YES;
				GCC_C_LANGUAGE_STANDARD = gnu11;
				GCC_NO_COMMON_BLOCKS = YES;
				GCC_WARN_64_TO_32_BIT_CONVERSION = YES;
				GCC_WARN_ABOUT_RETURN_TYPE = YES_ERROR;
				GCC_WARN_UNDECLARED_SELECTOR = YES;
				GCC_WARN_UNINITIALIZED_AUTOS = YES_AGGRESSIVE;
				GCC_WARN_UNUSED_FUNCTION = YES;
				GCC_WARN_UNUSED_VARIABLE = YES;
				IPHONEOS_DEPLOYMENT_TARGET = 13.6;
				MTL_ENABLE_DEBUG_INFO = NO;
				MTL_FAST_MATH = YES;
				SDKROOT = iphoneos;
				SWIFT_COMPILATION_MODE = wholemodule;
				SWIFT_OPTIMIZATION_LEVEL = "-O";
				VALIDATE_PRODUCT = YES;
			};
			name = Release;
		};
		EB336FCC24DB901100521E4E /* Debug */ = {
			isa = XCBuildConfiguration;
			buildSettings = {
				ASSETCATALOG_COMPILER_APPICON_NAME = AppIcon;
				CODE_SIGN_STYLE = Automatic;
				DEVELOPMENT_TEAM = K924X73642;
				INFOPLIST_FILE = tipCalculator/Info.plist;
				LD_RUNPATH_SEARCH_PATHS = (
					"$(inherited)",
					"@executable_path/Frameworks",
				);
				PRODUCT_BUNDLE_IDENTIFIER = com.tanvirgeek.tipCalculator;
				PRODUCT_NAME = "$(TARGET_NAME)";
				SWIFT_VERSION = 5.0;
				TARGETED_DEVICE_FAMILY = 1;
			};
			name = Debug;
		};
		EB336FCD24DB901100521E4E /* Release */ = {
			isa = XCBuildConfiguration;
			buildSettings = {
				ASSETCATALOG_COMPILER_APPICON_NAME = AppIcon;
				CODE_SIGN_STYLE = Automatic;
				DEVELOPMENT_TEAM = K924X73642;
				INFOPLIST_FILE = tipCalculator/Info.plist;
				LD_RUNPATH_SEARCH_PATHS = (
					"$(inherited)",
					"@executable_path/Frameworks",
				);
				PRODUCT_BUNDLE_IDENTIFIER = com.tanvirgeek.tipCalculator;
				PRODUCT_NAME = "$(TARGET_NAME)";
				SWIFT_VERSION = 5.0;
				TARGETED_DEVICE_FAMILY = 1;
			};
			name = Release;
		};
		EB336FCF24DB901100521E4E /* Debug */ = {
			isa = XCBuildConfiguration;
			buildSettings = {
				ALWAYS_EMBED_SWIFT_STANDARD_LIBRARIES = YES;
				BUNDLE_LOADER = "$(TEST_HOST)";
				CODE_SIGN_STYLE = Automatic;
				INFOPLIST_FILE = tipCalculatorTests/Info.plist;
				IPHONEOS_DEPLOYMENT_TARGET = 13.6;
				LD_RUNPATH_SEARCH_PATHS = (
					"$(inherited)",
					"@executable_path/Frameworks",
					"@loader_path/Frameworks",
				);
				PRODUCT_BUNDLE_IDENTIFIER = com.tanvirgeek.tipCalculatorTests;
				PRODUCT_NAME = "$(TARGET_NAME)";
				SWIFT_VERSION = 5.0;
				TARGETED_DEVICE_FAMILY = "1,2";
				TEST_HOST = "$(BUILT_PRODUCTS_DIR)/tipCalculator.app/tipCalculator";
			};
			name = Debug;
		};
		EB336FD024DB901100521E4E /* Release */ = {
			isa = XCBuildConfiguration;
			buildSettings = {
				ALWAYS_EMBED_SWIFT_STANDARD_LIBRARIES = YES;
				BUNDLE_LOADER = "$(TEST_HOST)";
				CODE_SIGN_STYLE = Automatic;
				INFOPLIST_FILE = tipCalculatorTests/Info.plist;
				IPHONEOS_DEPLOYMENT_TARGET = 13.6;
				LD_RUNPATH_SEARCH_PATHS = (
					"$(inherited)",
					"@executable_path/Frameworks",
					"@loader_path/Frameworks",
				);
				PRODUCT_BUNDLE_IDENTIFIER = com.tanvirgeek.tipCalculatorTests;
				PRODUCT_NAME = "$(TARGET_NAME)";
				SWIFT_VERSION = 5.0;
				TARGETED_DEVICE_FAMILY = "1,2";
				TEST_HOST = "$(BUILT_PRODUCTS_DIR)/tipCalculator.app/tipCalculator";
			};
			name = Release;
		};
		EB336FD224DB901100521E4E /* Debug */ = {
			isa = XCBuildConfiguration;
			buildSettings = {
				ALWAYS_EMBED_SWIFT_STANDARD_LIBRARIES = YES;
				CODE_SIGN_STYLE = Automatic;
				INFOPLIST_FILE = tipCalculatorUITests/Info.plist;
				LD_RUNPATH_SEARCH_PATHS = (
					"$(inherited)",
					"@executable_path/Frameworks",
					"@loader_path/Frameworks",
				);
				PRODUCT_BUNDLE_IDENTIFIER = com.tanvirgeek.tipCalculatorUITests;
				PRODUCT_NAME = "$(TARGET_NAME)";
				SWIFT_VERSION = 5.0;
				TARGETED_DEVICE_FAMILY = "1,2";
				TEST_TARGET_NAME = tipCalculator;
			};
			name = Debug;
		};
		EB336FD324DB901100521E4E /* Release */ = {
			isa = XCBuildConfiguration;
			buildSettings = {
				ALWAYS_EMBED_SWIFT_STANDARD_LIBRARIES = YES;
				CODE_SIGN_STYLE = Automatic;
				INFOPLIST_FILE = tipCalculatorUITests/Info.plist;
				LD_RUNPATH_SEARCH_PATHS = (
					"$(inherited)",
					"@executable_path/Frameworks",
					"@loader_path/Frameworks",
				);
				PRODUCT_BUNDLE_IDENTIFIER = com.tanvirgeek.tipCalculatorUITests;
				PRODUCT_NAME = "$(TARGET_NAME)";
				SWIFT_VERSION = 5.0;
				TARGETED_DEVICE_FAMILY = "1,2";
				TEST_TARGET_NAME = tipCalculator;
			};
			name = Release;
		};
/* End XCBuildConfiguration section */

/* Begin XCConfigurationList section */
		EB336F9C24DB900F00521E4E /* Build configuration list for PBXProject "tipCalculator" */ = {
			isa = XCConfigurationList;
			buildConfigurations = (
				EB336FC924DB901100521E4E /* Debug */,
				EB336FCA24DB901100521E4E /* Release */,
			);
			defaultConfigurationIsVisible = 0;
			defaultConfigurationName = Release;
		};
		EB336FCB24DB901100521E4E /* Build configuration list for PBXNativeTarget "tipCalculator" */ = {
			isa = XCConfigurationList;
			buildConfigurations = (
				EB336FCC24DB901100521E4E /* Debug */,
				EB336FCD24DB901100521E4E /* Release */,
			);
			defaultConfigurationIsVisible = 0;
			defaultConfigurationName = Release;
		};
		EB336FCE24DB901100521E4E /* Build configuration list for PBXNativeTarget "tipCalculatorTests" */ = {
			isa = XCConfigurationList;
			buildConfigurations = (
				EB336FCF24DB901100521E4E /* Debug */,
				EB336FD024DB901100521E4E /* Release */,
			);
			defaultConfigurationIsVisible = 0;
			defaultConfigurationName = Release;
		};
		EB336FD124DB901100521E4E /* Build configuration list for PBXNativeTarget "tipCalculatorUITests" */ = {
			isa = XCConfigurationList;
			buildConfigurations = (
				EB336FD224DB901100521E4E /* Debug */,
				EB336FD324DB901100521E4E /* Release */,
			);
			defaultConfigurationIsVisible = 0;
			defaultConfigurationName = Release;
		};
/* End XCConfigurationList section */
	};
	rootObject = EB336F9924DB900F00521E4E /* Project object */;
}
